
Microsoft Visual Studio Solution File, Format Version 12.00
# Visual Studio Version 17
VisualStudioVersion = 17.2.32516.85
MinimumVisualStudioVersion = 10.0.40219.1
Project("{9A19103F-16F7-4668-BE54-9A1E7A4F7556}") = "RestThreeSixtyFive", "RestThreeSixtyFive.csproj", "{87F14D53-D4AC-4699-AD0C-CABBD60E8BA9}"
EndProject
Project("{FAE04EC0-301F-11D3-BF4B-00C04F79EFBC}") = "TestProject", "..\TestProject\TestProject.csproj", "{CC74B714-C405-4D49-B977-37C2E21F1998}"
EndProject
Global
	GlobalSection(SolutionConfigurationPlatforms) = preSolution
		Debug|Any CPU = Debug|Any CPU
		Release|Any CPU = Release|Any CPU
	EndGlobalSection
	GlobalSection(ProjectConfigurationPlatforms) = postSolution
		{87F14D53-D4AC-4699-AD0C-CABBD60E8BA9}.Debug|Any CPU.ActiveCfg = Debug|Any CPU
		{87F14D53-D4AC-4699-AD0C-CABBD60E8BA9}.Debug|Any CPU.Build.0 = Debug|Any CPU
		{87F14D53-D4AC-4699-AD0C-CABBD60E8BA9}.Release|Any CPU.ActiveCfg = Release|Any CPU
		{87F14D53-D4AC-4699-AD0C-CABBD60E8BA9}.Release|Any CPU.Build.0 = Release|Any CPU
		{CC74B714-C405-4D49-B977-37C2E21F1998}.Debug|Any CPU.ActiveCfg = Debug|Any CPU
		{CC74B714-C405-4D49-B977-37C2E21F1998}.Debug|Any CPU.Build.0 = Debug|Any CPU
		{CC74B714-C405-4D49-B977-37C2E21F1998}.Release|Any CPU.ActiveCfg = Release|Any CPU
		{CC74B714-C405-4D49-B977-37C2E21F1998}.Release|Any CPU.Build.0 = Release|Any CPU
	EndGlobalSection
	GlobalSection(SolutionProperties) = preSolution
		HideSolutionNode = FALSE
	EndGlobalSection
	GlobalSection(ExtensibilityGlobals) = postSolution
		SolutionGuid = {BA9C084C-F355-45D4-9215-C19972D2FF51}
	EndGlobalSection
EndGlobal
